
Microsoft Visual Studio Solution File, Format Version 12.00
# Visual Studio Version 17
VisualStudioVersion = 17.7.34018.315
MinimumVisualStudioVersion = 10.0.40219.1
Project("{9A19103F-16F7-4668-BE54-9A1E7A4F7556}") = "JMC", "JMC\JMC.csproj", "{130355CC-5B7E-49D2-8B24-0A0360EA874A}"
EndProject
Project("{9A19103F-16F7-4668-BE54-9A1E7A4F7556}") = "JMC.Extension.Server", "JMC.Extension.Server\JMC.Extension.Server.csproj", "{6BEAC20B-622F-41A5-91A2-86F22F7461E0}"
EndProject
Project("{2150E333-8FDC-42A3-9474-1A3956D46DE8}") = "Solution Items", "Solution Items", "{53340C3D-2881-49AF-B62A-A63B5F1F0F7A}"
	ProjectSection(SolutionItems) = preProject
		.editorconfig = .editorconfig
	EndProjectSection
EndProject
Project("{9A19103F-16F7-4668-BE54-9A1E7A4F7556}") = "JMC.Extension.Server.Tests", "JMC.Extension.Server.Tests\JMC.Extension.Server.Tests.csproj", "{2F110A87-8BED-4E58-92A8-FB6777B3F307}"
EndProject
Project("{9A19103F-16F7-4668-BE54-9A1E7A4F7556}") = "JMC.Parser", "JMC.Parser\JMC.Parser.csproj", "{7485CE3F-D72E-4108-9D1B-8355F6B45586}"
EndProject
Project("{9A19103F-16F7-4668-BE54-9A1E7A4F7556}") = "JMC.Shared", "JMC.Shared\JMC.Shared.csproj", "{D0E4929F-3C4A-4A93-A1AC-7BD5AAEBBEDB}"
EndProject
Project("{9A19103F-16F7-4668-BE54-9A1E7A4F7556}") = "JMC.Parser.Test", "JMC.Parser.Test\JMC.Parser.Test.csproj", "{F139A1CE-5B95-46C8-8B18-B6E7E9F5C9CF}"
EndProject
Project("{9A19103F-16F7-4668-BE54-9A1E7A4F7556}") = "JMC.PackageManager.Website", "JMC.PackageManager.Website\JMC.PackageManager.Website\JMC.PackageManager.Website.csproj", "{45648446-B7B9-4093-97C5-D9E9B3526D53}"
EndProject
Project("{9A19103F-16F7-4668-BE54-9A1E7A4F7556}") = "JMC.PackageManager.Website.Client", "JMC.PackageManager.Website\JMC.PackageManager.Website.Client\JMC.PackageManager.Website.Client.csproj", "{0AFC0DA9-97AF-4F0D-908E-A6FF1AC56640}"
EndProject
Global
	GlobalSection(SolutionConfigurationPlatforms) = preSolution
		Debug|Any CPU = Debug|Any CPU
		Release|Any CPU = Release|Any CPU
	EndGlobalSection
	GlobalSection(ProjectConfigurationPlatforms) = postSolution
		{130355CC-5B7E-49D2-8B24-0A0360EA874A}.Debug|Any CPU.ActiveCfg = Debug|Any CPU
		{130355CC-5B7E-49D2-8B24-0A0360EA874A}.Debug|Any CPU.Build.0 = Debug|Any CPU
		{130355CC-5B7E-49D2-8B24-0A0360EA874A}.Release|Any CPU.ActiveCfg = Release|Any CPU
		{130355CC-5B7E-49D2-8B24-0A0360EA874A}.Release|Any CPU.Build.0 = Release|Any CPU
		{6BEAC20B-622F-41A5-91A2-86F22F7461E0}.Debug|Any CPU.ActiveCfg = Debug|Any CPU
		{6BEAC20B-622F-41A5-91A2-86F22F7461E0}.Debug|Any CPU.Build.0 = Debug|Any CPU
		{6BEAC20B-622F-41A5-91A2-86F22F7461E0}.Release|Any CPU.ActiveCfg = Release|Any CPU
		{6BEAC20B-622F-41A5-91A2-86F22F7461E0}.Release|Any CPU.Build.0 = Release|Any CPU
		{2F110A87-8BED-4E58-92A8-FB6777B3F307}.Debug|Any CPU.ActiveCfg = Debug|Any CPU
		{2F110A87-8BED-4E58-92A8-FB6777B3F307}.Debug|Any CPU.Build.0 = Debug|Any CPU
		{2F110A87-8BED-4E58-92A8-FB6777B3F307}.Release|Any CPU.ActiveCfg = Release|Any CPU
		{2F110A87-8BED-4E58-92A8-FB6777B3F307}.Release|Any CPU.Build.0 = Release|Any CPU
		{7485CE3F-D72E-4108-9D1B-8355F6B45586}.Debug|Any CPU.ActiveCfg = Debug|Any CPU
		{7485CE3F-D72E-4108-9D1B-8355F6B45586}.Debug|Any CPU.Build.0 = Debug|Any CPU
		{7485CE3F-D72E-4108-9D1B-8355F6B45586}.Release|Any CPU.ActiveCfg = Release|Any CPU
		{7485CE3F-D72E-4108-9D1B-8355F6B45586}.Release|Any CPU.Build.0 = Release|Any CPU
		{D0E4929F-3C4A-4A93-A1AC-7BD5AAEBBEDB}.Debug|Any CPU.ActiveCfg = Debug|Any CPU
		{D0E4929F-3C4A-4A93-A1AC-7BD5AAEBBEDB}.Debug|Any CPU.Build.0 = Debug|Any CPU
		{D0E4929F-3C4A-4A93-A1AC-7BD5AAEBBEDB}.Release|Any CPU.ActiveCfg = Release|Any CPU
		{D0E4929F-3C4A-4A93-A1AC-7BD5AAEBBEDB}.Release|Any CPU.Build.0 = Release|Any CPU
		{F139A1CE-5B95-46C8-8B18-B6E7E9F5C9CF}.Debug|Any CPU.ActiveCfg = Debug|Any CPU
		{F139A1CE-5B95-46C8-8B18-B6E7E9F5C9CF}.Debug|Any CPU.Build.0 = Debug|Any CPU
		{F139A1CE-5B95-46C8-8B18-B6E7E9F5C9CF}.Release|Any CPU.ActiveCfg = Release|Any CPU
		{F139A1CE-5B95-46C8-8B18-B6E7E9F5C9CF}.Release|Any CPU.Build.0 = Release|Any CPU
		{45648446-B7B9-4093-97C5-D9E9B3526D53}.Debug|Any CPU.ActiveCfg = Debug|Any CPU
		{45648446-B7B9-4093-97C5-D9E9B3526D53}.Debug|Any CPU.Build.0 = Debug|Any CPU
		{45648446-B7B9-4093-97C5-D9E9B3526D53}.Release|Any CPU.ActiveCfg = Release|Any CPU
		{45648446-B7B9-4093-97C5-D9E9B3526D53}.Release|Any CPU.Build.0 = Release|Any CPU
		{0AFC0DA9-97AF-4F0D-908E-A6FF1AC56640}.Debug|Any CPU.ActiveCfg = Debug|Any CPU
		{0AFC0DA9-97AF-4F0D-908E-A6FF1AC56640}.Debug|Any CPU.Build.0 = Debug|Any CPU
		{0AFC0DA9-97AF-4F0D-908E-A6FF1AC56640}.Release|Any CPU.ActiveCfg = Release|Any CPU
		{0AFC0DA9-97AF-4F0D-908E-A6FF1AC56640}.Release|Any CPU.Build.0 = Release|Any CPU
	EndGlobalSection
	GlobalSection(SolutionProperties) = preSolution
		HideSolutionNode = FALSE
	EndGlobalSection
	GlobalSection(ExtensibilityGlobals) = postSolution
		SolutionGuid = {A19CCB7F-44CA-49EA-B182-1A808E180C88}
	EndGlobalSection
EndGlobal
